
Microsoft Visual Studio Solution File, Format Version 12.00
# Visual Studio Version 17
VisualStudioVersion = 17.0.31903.59
MinimumVisualStudioVersion = 10.0.40219.1
Project("{2150E333-8FDC-42A3-9474-1A3956D46DE8}") = "src", "src", "{07307EA3-03CE-4625-BA1A-1E6794D59CD7}"
EndProject
Project("{FAE04EC0-301F-11D3-BF4B-00C04F79EFBC}") = "WeChatOcr.Core", "src\WeChatOcr.Core\WeChatOcr.Core.csproj", "{5B714F41-F868-435A-B6B2-4E8102D7C80A}"
EndProject
Project("{FAE04EC0-301F-11D3-BF4B-00C04F79EFBC}") = "WeChatOcr.Api", "src\WeChatOcr.Api\WeChatOcr.Api.csproj", "{5FC1E04D-96DA-4990-816D-71C59AE25317}"
EndProject
Project("{2150E333-8FDC-42A3-9474-1A3956D46DE8}") = "tests", "tests", "{A43032BD-1D01-43E9-9912-8CE216BF0242}"
EndProject
Project("{FAE04EC0-301F-11D3-BF4B-00C04F79EFBC}") = "WeChatOcr.Core.Tests", "tests\WeChatOcr.Core.Tests\WeChatOcr.Core.Tests.csproj", "{FD435547-20F9-4299-A7F6-F658AA7FCE38}"
EndProject
Project("{FAE04EC0-301F-11D3-BF4B-00C04F79EFBC}") = "WeChatOcr.Api.Tests", "tests\WeChatOcr.Api.Tests\WeChatOcr.Api.Tests.csproj", "{CA37FE52-96B0-4AB8-9CA2-A59D00D2434B}"
EndProject
Project("{2150E333-8FDC-42A3-9474-1A3956D46DE8}") = "vendor", "vendor", "{CB887988-0E6E-44E3-AB71-BD7BE072AAF8}"
EndProject
Project("{2150E333-8FDC-42A3-9474-1A3956D46DE8}") = "WeChatOcr.Upstream", "WeChatOcr.Upstream", "{D6B76F2B-6301-4EEF-AB04-5D1A4B57D334}"
EndProject
Project("{2150E333-8FDC-42A3-9474-1A3956D46DE8}") = "src", "src", "{30196BD5-CBD8-47EB-BE60-915E2E382D6C}"
EndProject
Project("{FAE04EC0-301F-11D3-BF4B-00C04F79EFBC}") = "WeChatOcr", "vendor\WeChatOcr.Upstream\src\WeChatOcr\WeChatOcr.csproj", "{C76D2582-6AC7-4C97-9A28-C5CDF0D11E0C}"
EndProject
Global
	GlobalSection(SolutionConfigurationPlatforms) = preSolution
		Debug|Any CPU = Debug|Any CPU
		Release|Any CPU = Release|Any CPU
	EndGlobalSection
	GlobalSection(SolutionProperties) = preSolution
		HideSolutionNode = FALSE
	EndGlobalSection
	GlobalSection(ProjectConfigurationPlatforms) = postSolution
		{5B714F41-F868-435A-B6B2-4E8102D7C80A}.Debug|Any CPU.ActiveCfg = Debug|Any CPU
		{5B714F41-F868-435A-B6B2-4E8102D7C80A}.Debug|Any CPU.Build.0 = Debug|Any CPU
		{5B714F41-F868-435A-B6B2-4E8102D7C80A}.Release|Any CPU.ActiveCfg = Release|Any CPU
		{5B714F41-F868-435A-B6B2-4E8102D7C80A}.Release|Any CPU.Build.0 = Release|Any CPU
		{5FC1E04D-96DA-4990-816D-71C59AE25317}.Debug|Any CPU.ActiveCfg = Debug|Any CPU
		{5FC1E04D-96DA-4990-816D-71C59AE25317}.Debug|Any CPU.Build.0 = Debug|Any CPU
		{5FC1E04D-96DA-4990-816D-71C59AE25317}.Release|Any CPU.ActiveCfg = Release|Any CPU
		{5FC1E04D-96DA-4990-816D-71C59AE25317}.Release|Any CPU.Build.0 = Release|Any CPU
		{FD435547-20F9-4299-A7F6-F658AA7FCE38}.Debug|Any CPU.ActiveCfg = Debug|Any CPU
		{FD435547-20F9-4299-A7F6-F658AA7FCE38}.Debug|Any CPU.Build.0 = Debug|Any CPU
		{FD435547-20F9-4299-A7F6-F658AA7FCE38}.Release|Any CPU.ActiveCfg = Release|Any CPU
		{FD435547-20F9-4299-A7F6-F658AA7FCE38}.Release|Any CPU.Build.0 = Release|Any CPU
		{CA37FE52-96B0-4AB8-9CA2-A59D00D2434B}.Debug|Any CPU.ActiveCfg = Debug|Any CPU
		{CA37FE52-96B0-4AB8-9CA2-A59D00D2434B}.Debug|Any CPU.Build.0 = Debug|Any CPU
		{CA37FE52-96B0-4AB8-9CA2-A59D00D2434B}.Release|Any CPU.ActiveCfg = Release|Any CPU
		{CA37FE52-96B0-4AB8-9CA2-A59D00D2434B}.Release|Any CPU.Build.0 = Release|Any CPU
		{C76D2582-6AC7-4C97-9A28-C5CDF0D11E0C}.Debug|Any CPU.ActiveCfg = Debug|Any CPU
		{C76D2582-6AC7-4C97-9A28-C5CDF0D11E0C}.Debug|Any CPU.Build.0 = Debug|Any CPU
		{C76D2582-6AC7-4C97-9A28-C5CDF0D11E0C}.Release|Any CPU.ActiveCfg = Release|Any CPU
		{C76D2582-6AC7-4C97-9A28-C5CDF0D11E0C}.Release|Any CPU.Build.0 = Release|Any CPU
	EndGlobalSection
	GlobalSection(NestedProjects) = preSolution
		{5B714F41-F868-435A-B6B2-4E8102D7C80A} = {07307EA3-03CE-4625-BA1A-1E6794D59CD7}
		{5FC1E04D-96DA-4990-816D-71C59AE25317} = {07307EA3-03CE-4625-BA1A-1E6794D59CD7}
		{FD435547-20F9-4299-A7F6-F658AA7FCE38} = {A43032BD-1D01-43E9-9912-8CE216BF0242}
		{CA37FE52-96B0-4AB8-9CA2-A59D00D2434B} = {A43032BD-1D01-43E9-9912-8CE216BF0242}
		{D6B76F2B-6301-4EEF-AB04-5D1A4B57D334} = {CB887988-0E6E-44E3-AB71-BD7BE072AAF8}
		{30196BD5-CBD8-47EB-BE60-915E2E382D6C} = {D6B76F2B-6301-4EEF-AB04-5D1A4B57D334}
		{C76D2582-6AC7-4C97-9A28-C5CDF0D11E0C} = {30196BD5-CBD8-47EB-BE60-915E2E382D6C}
	EndGlobalSection
EndGlobal
